// !$*UTF8*$!
{
	archiveVersion = 1;
	classes = {
	};
	objectVersion = 46;
	objects = {

/* Begin PBXBuildFile section */
		E828ED341521DC0B0016B35E /* UIKit.framework in Frameworks */ = {isa = PBXBuildFile; fileRef = E828ED331521DC0B0016B35E /* UIKit.framework */; };
		E828ED361521DC0B0016B35E /* Foundation.framework in Frameworks */ = {isa = PBXBuildFile; fileRef = E828ED351521DC0B0016B35E /* Foundation.framework */; };
		E828ED381521DC0B0016B35E /* CoreGraphics.framework in Frameworks */ = {isa = PBXBuildFile; fileRef = E828ED371521DC0B0016B35E /* CoreGraphics.framework */; };
		E828ED3E1521DC0B0016B35E /* InfoPlist.strings in Resources */ = {isa = PBXBuildFile; fileRef = E828ED3C1521DC0B0016B35E /* InfoPlist.strings */; };
		E828ED401521DC0B0016B35E /* main.m in Sources */ = {isa = PBXBuildFile; fileRef = E828ED3F1521DC0B0016B35E /* main.m */; };
		E828ED441521DC0B0016B35E /* AppDelegate.m in Sources */ = {isa = PBXBuildFile; fileRef = E828ED431521DC0B0016B35E /* AppDelegate.m */; };
		E828ED471521DC0B0016B35E /* ViewController.m in Sources */ = {isa = PBXBuildFile; fileRef = E828ED461521DC0B0016B35E /* ViewController.m */; };
		E828ED4A1521DC0B0016B35E /* ViewController.xib in Resources */ = {isa = PBXBuildFile; fileRef = E828ED481521DC0B0016B35E /* ViewController.xib */; };
		E828ED531521DCA20016B35E /* iCarousel.m in Sources */ = {isa = PBXBuildFile; fileRef = E828ED521521DCA20016B35E /* iCarousel.m */; };
		E832F04215222052007C9FD3 /* page.jpg in Resources */ = {isa = PBXBuildFile; fileRef = E832F04115222052007C9FD3 /* page.jpg */; };
		E8FA311215221B5400354C09 /* page.png in Resources */ = {isa = PBXBuildFile; fileRef = E8FA311115221B5400354C09 /* page.png */; };
		E8FA311415221D7C00354C09 /* QuartzCore.framework in Frameworks */ = {isa = PBXBuildFile; fileRef = E8FA311315221D7C00354C09 /* QuartzCore.framework */; };
/* End PBXBuildFile section */

/* Begin PBXFileReference section */
		E828ED2F1521DC0B0016B35E /* iCoruselTestExample.app */ = {isa = PBXFileReference; explicitFileType = wrapper.application; includeInIndex = 0; path = iCoruselTestExample.app; sourceTree = BUILT_PRODUCTS_DIR; };
		E828ED331521DC0B0016B35E /* UIKit.framework */ = {isa = PBXFileReference; lastKnownFileType = wrapper.framework; name = UIKit.framework; path = System/Library/Frameworks/UIKit.framework; sourceTree = SDKROOT; };
		E828ED351521DC0B0016B35E /* Foundation.framework */ = {isa = PBXFileReference; lastKnownFileType = wrapper.framework; name = Foundation.framework; path = System/Library/Frameworks/Foundation.framework; sourceTree = SDKROOT; };
		E828ED371521DC0B0016B35E /* CoreGraphics.framework */ = {isa = PBXFileReference; lastKnownFileType = wrapper.framework; name = CoreGraphics.framework; path = System/Library/Frameworks/CoreGraphics.framework; sourceTree = SDKROOT; };
		E828ED3B1521DC0B0016B35E /* iCoruselTestExample-Info.plist */ = {isa = PBXFileReference; lastKnownFileType = text.plist.xml; path = "iCoruselTestExample-Info.plist"; sourceTree = "<group>"; };
		E828ED3D1521DC0B0016B35E /* en */ = {isa = PBXFileReference; lastKnownFileType = text.plist.strings; name = en; path = en.lproj/InfoPlist.strings; sourceTree = "<group>"; };
		E828ED3F1521DC0B0016B35E /* main.m */ = {isa = PBXFileReference; lastKnownFileType = sourcecode.c.objc; path = main.m; sourceTree = "<group>"; };
		E828ED411521DC0B0016B35E /* iCoruselTestExample-Prefix.pch */ = {isa = PBXFileReference; lastKnownFileType = sourcecode.c.h; path = "iCoruselTestExample-Prefix.pch"; sourceTree = "<group>"; };
		E828ED421521DC0B0016B35E /* AppDelegate.h */ = {isa = PBXFileReference; lastKnownFileType = sourcecode.c.h; path = AppDelegate.h; sourceTree = "<group>"; };
		E828ED431521DC0B0016B35E /* AppDelegate.m */ = {isa = PBXFileReference; lastKnownFileType = sourcecode.c.objc; path = AppDelegate.m; sourceTree = "<group>"; };
		E828ED451521DC0B0016B35E /* ViewController.h */ = {isa = PBXFileReference; lastKnownFileType = sourcecode.c.h; path = ViewController.h; sourceTree = "<group>"; };
		E828ED461521DC0B0016B35E /* ViewController.m */ = {isa = PBXFileReference; lastKnownFileType = sourcecode.c.objc; path = ViewController.m; sourceTree = "<group>"; };
		E828ED491521DC0B0016B35E /* en */ = {isa = PBXFileReference; lastKnownFileType = file.xib; name = en; path = en.lproj/ViewController.xib; sourceTree = "<group>"; };
		E828ED511521DCA20016B35E /* iCarousel.h */ = {isa = PBXFileReference; fileEncoding = 4; lastKnownFileType = sourcecode.c.h; path = iCarousel.h; sourceTree = "<group>"; };
		E828ED521521DCA20016B35E /* iCarousel.m */ = {isa = PBXFileReference; fileEncoding = 4; lastKnownFileType = sourcecode.c.objc; path = iCarousel.m; sourceTree = "<group>"; };
		E832F04115222052007C9FD3 /* page.jpg */ = {isa = PBXFileReference; lastKnownFileType = image.jpeg; path = page.jpg; sourceTree = "<group>"; };
		E8FA311115221B5400354C09 /* page.png */ = {isa = PBXFileReference; lastKnownFileType = image.png; path = page.png; sourceTree = "<group>"; };
		E8FA311315221D7C00354C09 /* QuartzCore.framework */ = {isa = PBXFileReference; lastKnownFileType = wrapper.framework; name = QuartzCore.framework; path = System/Library/Frameworks/QuartzCore.framework; sourceTree = SDKROOT; };
/* End PBXFileReference section */

/* Begin PBXFrameworksBuildPhase section */
		E828ED2C1521DC0B0016B35E /* Frameworks */ = {
			isa = PBXFrameworksBuildPhase;
			buildActionMask = 2147483647;
			files = (
				E8FA311415221D7C00354C09 /* QuartzCore.framework in Frameworks */,
				E828ED341521DC0B0016B35E /* UIKit.framework in Frameworks */,
				E828ED361521DC0B0016B35E /* Foundation.framework in Frameworks */,
				E828ED381521DC0B0016B35E /* CoreGraphics.framework in Frameworks */,
			);
			runOnlyForDeploymentPostprocessing = 0;
		};
/* End PBXFrameworksBuildPhase section */

/* Begin PBXGroup section */
		E828ED241521DC0B0016B35E = {
			isa = PBXGroup;
			children = (
				E8FA310F1522193100354C09 /* images */,
				E828ED391521DC0B0016B35E /* iCoruselTestExample */,
				E828ED321521DC0B0016B35E /* Frameworks */,
				E828ED301521DC0B0016B35E /* Products */,
			);
			sourceTree = "<group>";
		};
		E828ED301521DC0B0016B35E /* Products */ = {
			isa = PBXGroup;
			children = (
				E828ED2F1521DC0B0016B35E /* iCoruselTestExample.app */,
			);
			name = Products;
			sourceTree = "<group>";
		};
		E828ED321521DC0B0016B35E /* Frameworks */ = {
			isa = PBXGroup;
			children = (
				E8FA311315221D7C00354C09 /* QuartzCore.framework */,
				E828ED331521DC0B0016B35E /* UIKit.framework */,
				E828ED351521DC0B0016B35E /* Foundation.framework */,
				E828ED371521DC0B0016B35E /* CoreGraphics.framework */,
			);
			name = Frameworks;
			sourceTree = "<group>";
		};
		E828ED391521DC0B0016B35E /* iCoruselTestExample */ = {
			isa = PBXGroup;
			children = (
				E828ED501521DC560016B35E /* iCarousel */,
				E828ED421521DC0B0016B35E /* AppDelegate.h */,
				E828ED431521DC0B0016B35E /* AppDelegate.m */,
				E828ED451521DC0B0016B35E /* ViewController.h */,
				E828ED461521DC0B0016B35E /* ViewController.m */,
				E828ED481521DC0B0016B35E /* ViewController.xib */,
				E828ED3A1521DC0B0016B35E /* Supporting Files */,
			);
			path = iCoruselTestExample;
			sourceTree = "<group>";
		};
		E828ED3A1521DC0B0016B35E /* Supporting Files */ = {
			isa = PBXGroup;
			children = (
				E828ED3B1521DC0B0016B35E /* iCoruselTestExample-Info.plist */,
				E828ED3C1521DC0B0016B35E /* InfoPlist.strings */,
				E828ED3F1521DC0B0016B35E /* main.m */,
				E828ED411521DC0B0016B35E /* iCoruselTestExample-Prefix.pch */,
			);
			name = "Supporting Files";
			sourceTree = "<group>";
		};
		E828ED501521DC560016B35E /* iCarousel */ = {
			isa = PBXGroup;
			children = (
				E828ED511521DCA20016B35E /* iCarousel.h */,
				E828ED521521DCA20016B35E /* iCarousel.m */,
			);
			name = iCarousel;
			sourceTree = "<group>";
		};
		E8FA310F1522193100354C09 /* images */ = {
			isa = PBXGroup;
			children = (
				E832F04115222052007C9FD3 /* page.jpg */,
				E8FA311115221B5400354C09 /* page.png */,
			);
			name = images;
			sourceTree = "<group>";
		};
/* End PBXGroup section */

/* Begin PBXNativeTarget section */
		E828ED2E1521DC0B0016B35E /* iCoruselTestExample */ = {
			isa = PBXNativeTarget;
			buildConfigurationList = E828ED4D1521DC0B0016B35E /* Build configuration list for PBXNativeTarget "iCoruselTestExample" */;
			buildPhases = (
				E828ED2B1521DC0B0016B35E /* Sources */,
				E828ED2C1521DC0B0016B35E /* Frameworks */,
				E828ED2D1521DC0B0016B35E /* Resources */,
			);
			buildRules = (
			);
			dependencies = (
			);
			name = iCoruselTestExample;
			productName = iCoruselTestExample;
			productReference = E828ED2F1521DC0B0016B35E /* iCoruselTestExample.app */;
			productType = "com.apple.product-type.application";
		};
/* End PBXNativeTarget section */

/* Begin PBXProject section */
		E828ED261521DC0B0016B35E /* Project object */ = {
			isa = PBXProject;
			attributes = {
				LastUpgradeCheck = 0430;
			};
			buildConfigurationList = E828ED291521DC0B0016B35E /* Build configuration list for PBXProject "iCoruselTestExample" */;
			compatibilityVersion = "Xcode 3.2";
			developmentRegion = English;
			hasScannedForEncodings = 0;
			knownRegions = (
				en,
			);
			mainGroup = E828ED241521DC0B0016B35E;
			productRefGroup = E828ED301521DC0B0016B35E /* Products */;
			projectDirPath = "";
			projectRoot = "";
			targets = (
				E828ED2E1521DC0B0016B35E /* iCoruselTestExample */,
			);
		};
/* End PBXProject section */

/* Begin PBXResourcesBuildPhase section */
		E828ED2D1521DC0B0016B35E /* Resources */ = {
			isa = PBXResourcesBuildPhase;
			buildActionMask = 2147483647;
			files = (
				E828ED3E1521DC0B0016B35E /* InfoPlist.strings in Resources */,
				E828ED4A1521DC0B0016B35E /* ViewController.xib in Resources */,
				E8FA311215221B5400354C09 /* page.png in Resources */,
				E832F04215222052007C9FD3 /* page.jpg in Resources */,
			);
			runOnlyForDeploymentPostprocessing = 0;
		};
/* End PBXResourcesBuildPhase section */

/* Begin PBXSourcesBuildPhase section */
		E828ED2B1521DC0B0016B35E /* Sources */ = {
			isa = PBXSourcesBuildPhase;
			buildActionMask = 2147483647;
			files = (
				E828ED401521DC0B0016B35E /* main.m in Sources */,
				E828ED441521DC0B0016B35E /* AppDelegate.m in Sources */,
				E828ED471521DC0B0016B35E /* ViewController.m in Sources */,
				E828ED531521DCA20016B35E /* iCarousel.m in Sources */,
			);
			runOnlyForDeploymentPostprocessing = 0;
		};
/* End PBXSourcesBuildPhase section */

/* Begin PBXVariantGroup section */
		E828ED3C1521DC0B0016B35E /* InfoPlist.strings */ = {
			isa = PBXVariantGroup;
			children = (
				E828ED3D1521DC0B0016B35E /* en */,
			);
			name = InfoPlist.strings;
			sourceTree = "<group>";
		};
		E828ED481521DC0B0016B35E /* ViewController.xib */ = {
			isa = PBXVariantGroup;
			children = (
				E828ED491521DC0B0016B35E /* en */,
			);
			name = ViewController.xib;
			sourceTree = "<group>";
		};
/* End PBXVariantGroup section */

/* Begin XCBuildConfiguration section */
		E828ED4B1521DC0B0016B35E /* Debug */ = {
			isa = XCBuildConfiguration;
			buildSettings = {
				ALWAYS_SEARCH_USER_PATHS = NO;
				ARCHS = "$(ARCHS_STANDARD_32_BIT)";
				"CODE_SIGN_IDENTITY[sdk=iphoneos*]" = "iPhone Developer";
				COPY_PHASE_STRIP = NO;
				GCC_C_LANGUAGE_STANDARD = gnu99;
				GCC_DYNAMIC_NO_PIC = NO;
				GCC_OPTIMIZATION_LEVEL = 0;
				GCC_PREPROCESSOR_DEFINITIONS = (
					"DEBUG=1",
					"$(inherited)",
				);
				GCC_SYMBOLS_PRIVATE_EXTERN = NO;
				GCC_VERSION = com.apple.compilers.llvm.clang.1_0;
				GCC_WARN_ABOUT_RETURN_TYPE = YES;
				GCC_WARN_UNINITIALIZED_AUTOS = YES;
				GCC_WARN_UNUSED_VARIABLE = YES;
				IPHONEOS_DEPLOYMENT_TARGET = 5.1;
				SDKROOT = iphoneos;
				TARGETED_DEVICE_FAMILY = 2;
			};
			name = Debug;
		};
		E828ED4C1521DC0B0016B35E /* Release */ = {
			isa = XCBuildConfiguration;
			buildSettings = {
				ALWAYS_SEARCH_USER_PATHS = NO;
				ARCHS = "$(ARCHS_STANDARD_32_BIT)";
				"CODE_SIGN_IDENTITY[sdk=iphoneos*]" = "iPhone Developer";
				COPY_PHASE_STRIP = YES;
				GCC_C_LANGUAGE_STANDARD = gnu99;
				GCC_VERSION = com.apple.compilers.llvm.clang.1_0;
				GCC_WARN_ABOUT_RETURN_TYPE = YES;
				GCC_WARN_UNINITIALIZED_AUTOS = YES;
				GCC_WARN_UNUSED_VARIABLE = YES;
				IPHONEOS_DEPLOYMENT_TARGET = 5.1;
				OTHER_CFLAGS = "-DNS_BLOCK_ASSERTIONS=1";
				SDKROOT = iphoneos;
				TARGETED_DEVICE_FAMILY = 2;
				VALIDATE_PRODUCT = YES;
			};
			name = Release;
		};
		E828ED4E1521DC0B0016B35E /* Debug */ = {
			isa = XCBuildConfiguration;
			buildSettings = {
				GCC_PRECOMPILE_PREFIX_HEADER = YES;
				GCC_PREFIX_HEADER = "iCoruselTestExample/iCoruselTestExample-Prefix.pch";
				INFOPLIST_FILE = "iCoruselTestExample/iCoruselTestExample-Info.plist";
				PRODUCT_NAME = "$(TARGET_NAME)";
				WRAPPER_EXTENSION = app;
			};
			name = Debug;
		};
		E828ED4F1521DC0B0016B35E /* Release */ = {
			isa = XCBuildConfiguration;
			buildSettings = {
				GCC_PRECOMPILE_PREFIX_HEADER = YES;
				GCC_PREFIX_HEADER = "iCoruselTestExample/iCoruselTestExample-Prefix.pch";
				INFOPLIST_FILE = "iCoruselTestExample/iCoruselTestExample-Info.plist";
				PRODUCT_NAME = "$(TARGET_NAME)";
				WRAPPER_EXTENSION = app;
			};
			name = Release;
		};
/* End XCBuildConfiguration section */

/* Begin XCConfigurationList section */
		E828ED291521DC0B0016B35E /* Build configuration list for PBXProject "iCoruselTestExample" */ = {
			isa = XCConfigurationList;
			buildConfigurations = (
				E828ED4B1521DC0B0016B35E /* Debug */,
				E828ED4C1521DC0B0016B35E /* Release */,
			);
			defaultConfigurationIsVisible = 0;
			defaultConfigurationName = Release;
		};
		E828ED4D1521DC0B0016B35E /* Build configuration list for PBXNativeTarget "iCoruselTestExample" */ = {
			isa = XCConfigurationList;
			buildConfigurations = (
				E828ED4E1521DC0B0016B35E /* Debug */,
				E828ED4F1521DC0B0016B35E /* Release */,
			);
			defaultConfigurationIsVisible = 0;
			defaultConfigurationName = Release;
		};
/* End XCConfigurationList section */
	};
	rootObject = E828ED261521DC0B0016B35E /* Project object */;
}
